
Microsoft Visual Studio Solution File, Format Version 12.00
# Visual Studio Version 16
VisualStudioVersion = 16.0.32002.261
MinimumVisualStudioVersion = 10.0.40219.1
Project("{FAE04EC0-301F-11D3-BF4B-00C04F79EFBC}") = "Inlamningsuppgift2_Webbsakerhet-DanArv", "Inlamningsuppgift2_Webbsakerhet-DanArv\Inlamningsuppgift2_Webbsakerhet-DanArv.csproj", "{E5DE5281-3E1D-473A-825C-BD5143977538}"
EndProject
Global
	GlobalSection(SolutionConfigurationPlatforms) = preSolution
		Debug|Any CPU = Debug|Any CPU
		Release|Any CPU = Release|Any CPU
	EndGlobalSection
	GlobalSection(ProjectConfigurationPlatforms) = postSolution
		{E5DE5281-3E1D-473A-825C-BD5143977538}.Debug|Any CPU.ActiveCfg = Debug|Any CPU
		{E5DE5281-3E1D-473A-825C-BD5143977538}.Debug|Any CPU.Build.0 = Debug|Any CPU
		{E5DE5281-3E1D-473A-825C-BD5143977538}.Release|Any CPU.ActiveCfg = Release|Any CPU
		{E5DE5281-3E1D-473A-825C-BD5143977538}.Release|Any CPU.Build.0 = Release|Any CPU
	EndGlobalSection
	GlobalSection(SolutionProperties) = preSolution
		HideSolutionNode = FALSE
	EndGlobalSection
	GlobalSection(ExtensibilityGlobals) = postSolution
		SolutionGuid = {58FA15F7-BDD7-43F6-9DFD-C1A1E22B8409}
	EndGlobalSection
EndGlobal
